
Microsoft Visual Studio Solution File, Format Version 12.00
# Visual Studio Version 16
VisualStudioVersion = 16.0.29926.136
MinimumVisualStudioVersion = 10.0.40219.1
Project("{9A19103F-16F7-4668-BE54-9A1E7A4F7556}") = "Advanced_Mandatory", "Advanced_Mandatory.csproj", "{5E0BE09B-554B-4A86-9D5B-F05632F7AFCE}"
EndProject
Project("{9A19103F-16F7-4668-BE54-9A1E7A4F7556}") = "GameOutput", "..\Output\GameOutput.csproj", "{C3B18D41-7257-4DA0-AC98-E07171A31889}"
EndProject
Global
	GlobalSection(SolutionConfigurationPlatforms) = preSolution
		Debug|Any CPU = Debug|Any CPU
		Release|Any CPU = Release|Any CPU
	EndGlobalSection
	GlobalSection(ProjectConfigurationPlatforms) = postSolution
		{5E0BE09B-554B-4A86-9D5B-F05632F7AFCE}.Debug|Any CPU.ActiveCfg = Debug|Any CPU
		{5E0BE09B-554B-4A86-9D5B-F05632F7AFCE}.Debug|Any CPU.Build.0 = Debug|Any CPU
		{5E0BE09B-554B-4A86-9D5B-F05632F7AFCE}.Release|Any CPU.ActiveCfg = Release|Any CPU
		{5E0BE09B-554B-4A86-9D5B-F05632F7AFCE}.Release|Any CPU.Build.0 = Release|Any CPU
		{C3B18D41-7257-4DA0-AC98-E07171A31889}.Debug|Any CPU.ActiveCfg = Debug|Any CPU
		{C3B18D41-7257-4DA0-AC98-E07171A31889}.Debug|Any CPU.Build.0 = Debug|Any CPU
		{C3B18D41-7257-4DA0-AC98-E07171A31889}.Release|Any CPU.ActiveCfg = Release|Any CPU
		{C3B18D41-7257-4DA0-AC98-E07171A31889}.Release|Any CPU.Build.0 = Release|Any CPU
	EndGlobalSection
	GlobalSection(SolutionProperties) = preSolution
		HideSolutionNode = FALSE
	EndGlobalSection
	GlobalSection(ExtensibilityGlobals) = postSolution
		SolutionGuid = {BB1DFC8F-00E4-4766-8086-6E678F155786}
	EndGlobalSection
EndGlobal
